PODS:
  - Alamofire (3.4.2)
  - SwiftyJSON (2.4.0)

DEPENDENCIES:
  - Alamofire (~> 3.4.0)
  - SwiftyJSON (= 2.4.0)

SPEC CHECKSUMS:
  Alamofire: 6aa33201d20d069e1598891cf928883ff1888c7a
  SwiftyJSON: 96918c1bf505efa50c4f72957018dd3452090c9c

PODFILE CHECKSUM: 69fe7ca03efd395586674c737201c6783f54035a

COCOAPODS: 1.0.1
